{
  "version": 4,
  "terraform_version": "0.15.3",
  "serial": 51,
  "lineage": "225de80e-52b2-9d75-4360-289f28552b2d",
  "outputs": {},
  "resources": [
    {
      "mode": "managed",
      "type": "panos_address_object",
      "name": "this",
      "provider": "provider[\"registry.terraform.io/paloaltonetworks/panos\"]",
      "instances": [
        {
          "index_key": "localnet",
          "schema_version": 1,
          "attributes": {
            "description": "the 192.168.80 network",
            "device_group": "AWS",
            "id": "AWS:localnet",
            "name": "localnet",
            "tags": [
              "internal",
              "dmz"
            ],
            "type": "ip-netmask",
            "value": "192.168.80.0/24",
            "vsys": "vsys1"
          },
          "sensitive_attributes": [],
          "private": "eyJzY2hlbWFfdmVyc2lvbiI6IjEifQ=="
        }
      ]
    },
    {
      "mode": "managed",
      "type": "panos_panorama_administrative_tag",
      "name": "this",
      "provider": "provider[\"registry.terraform.io/paloaltonetworks/panos\"]",
      "instances": [
        {
          "index_key": "dmz",
          "schema_version": 0,
          "attributes": {
            "color": "",
            "comment": "",
            "device_group": "AZURE",
            "id": "AZURE:dmz",
            "name": "dmz"
          },
          "sensitive_attributes": [],
          "private": "bnVsbA=="
        },
        {
          "index_key": "external",
          "schema_version": 0,
          "attributes": {
            "color": "",
            "comment": "",
            "device_group": "shared",
            "id": "shared:external",
            "name": "external"
          },
          "sensitive_attributes": [],
          "private": "bnVsbA=="
        },
        {
          "index_key": "hello?",
          "schema_version": 0,
          "attributes": {
            "color": "color16",
            "comment": "",
            "device_group": "shared",
            "id": "shared:hello?",
            "name": "hello?"
          },
          "sensitive_attributes": [],
          "private": "bnVsbA=="
        },
        {
          "index_key": "internal",
          "schema_version": 0,
          "attributes": {
            "color": "color12",
            "comment": "",
            "device_group": "shared",
            "id": "shared:internal",
            "name": "internal"
          },
          "sensitive_attributes": [],
          "private": "bnVsbA=="
        },
        {
          "index_key": "trust",
          "schema_version": 0,
          "attributes": {
            "color": "",
            "comment": "for trusted resources",
            "device_group": "AWS",
            "id": "AWS:trust",
            "name": "trust"
          },
          "sensitive_attributes": [],
          "private": "bnVsbA=="
        },
        {
          "index_key": "untrust",
          "schema_version": 0,
          "attributes": {
            "color": "color4",
            "comment": "for untrusted resources",
            "device_group": "shared",
            "id": "shared:untrust",
            "name": "untrust"
          },
          "sensitive_attributes": [],
          "private": "bnVsbA=="
        }
      ]
    },
    {
      "mode": "managed",
      "type": "panos_panorama_security_policy_group",
      "name": "this",
      "provider": "provider[\"registry.terraform.io/paloaltonetworks/panos\"]",
      "instances": [
        {
          "index_key": "pre-rulebase",
          "schema_version": 0,
          "attributes": {
            "device_group": "shared",
            "id": "shared:pre-rulebase:0::c2FyYWhzMQ==",
            "position_keyword": "",
            "position_reference": "",
            "rule": [
              {
                "action": "allow",
                "applications": [
                  "any"
                ],
                "categories": [
                  "any"
                ],
                "data_filtering": "",
                "description": "",
                "destination_addresses": [
                  "any"
                ],
                "destination_zones": [
                  "any"
                ],
                "disable_server_response_inspection": false,
                "disabled": false,
                "file_blocking": "",
                "group": "",
                "hip_profiles": [
                  "any"
                ],
                "icmp_unreachable": false,
                "log_end": true,
                "log_setting": "",
                "log_start": false,
                "name": "sarahs1",
                "negate_destination": false,
                "negate_source": false,
                "negate_target": false,
                "schedule": "",
                "services": [
                  "application-default"
                ],
                "source_addresses": [
                  "any"
                ],
                "source_users": [
                  "any"
                ],
                "source_zones": [
                  "any"
                ],
                "spyware": "",
                "tags": [
                  "hello?"
                ],
                "target": [],
                "type": "universal",
                "url_filtering": "",
                "virus": "",
                "vulnerability": "",
                "wildfire_analysis": ""
              }
            ],
            "rulebase": "pre-rulebase"
          },
          "sensitive_attributes": [],
          "private": "bnVsbA==",
          "dependencies": [
            "panos_address_object.this",
            "panos_panorama_administrative_tag.this"
          ]
        }
      ]
    }
  ]
}
