{
  "version": 4,
  "terraform_version": "0.15.3",
  "serial": 126,
  "lineage": "225de80e-52b2-9d75-4360-289f28552b2d",
  "outputs": {
    "look": {
      "value": [
        {
          "device_group": "MOJ AWS GlobalProtect Firewalls",
          "rulebase": "pre-rulebase",
          "rules": [
            {
              "action": "deny",
              "applications": [
                "any"
              ],
              "categories": [
                "any"
              ],
              "destination_addresses": [
                "panw-known-ip-list"
              ],
              "destination_zones": [
                "Untrust-L3"
              ],
              "disable_server_response_inspection": false,
              "disabled": false,
              "file_blocking": "",
              "group": "",
              "hip_profiles": [
                "any"
              ],
              "log_end": true,
              "log_setting": "default",
              "log_start": false,
              "name": "block outbound access to known malicious IPs",
              "negate_destination": false,
              "negate_source": false,
              "services": [
                "any"
              ],
              "source_addresses": [
                "any"
              ],
              "source_users": [
                "any"
              ],
              "source_zones": [
                "any"
              ],
              "spyware": "",
              "tags": [
                "Outbound",
                "Managed by Terraform"
              ],
              "url_filtering": "",
              "virus": "",
              "vulnerability": "",
              "wildfire_analysis": ""
            },
            {
              "name": "block outbound access to high-risk IPs",
              "source_addresses": [
                "any"
              ],
              "source_zones": [
                "any"
              ],
              "tags": [
                "Outbound",
                "Managed by Terraform"
              ]
            }
          ]
        }
      ],
      "type": [
        "tuple",
        [
          [
            "object",
            {
              "device_group": "string",
              "rulebase": "string",
              "rules": [
                "tuple",
                [
                  [
                    "object",
                    {
                      "action": "string",
                      "applications": [
                        "tuple",
                        [
                          "string"
                        ]
                      ],
                      "categories": [
                        "tuple",
                        [
                          "string"
                        ]
                      ],
                      "destination_addresses": [
                        "tuple",
                        [
                          "string"
                        ]
                      ],
                      "destination_zones": [
                        "tuple",
                        [
                          "string"
                        ]
                      ],
                      "disable_server_response_inspection": "bool",
                      "disabled": "bool",
                      "file_blocking": "string",
                      "group": "string",
                      "hip_profiles": [
                        "tuple",
                        [
                          "string"
                        ]
                      ],
                      "log_end": "bool",
                      "log_setting": "string",
                      "log_start": "bool",
                      "name": "string",
                      "negate_destination": "bool",
                      "negate_source": "bool",
                      "services": [
                        "tuple",
                        [
                          "string"
                        ]
                      ],
                      "source_addresses": [
                        "tuple",
                        [
                          "string"
                        ]
                      ],
                      "source_users": [
                        "tuple",
                        [
                          "string"
                        ]
                      ],
                      "source_zones": [
                        "tuple",
                        [
                          "string"
                        ]
                      ],
                      "spyware": "string",
                      "tags": [
                        "tuple",
                        [
                          "string",
                          "string"
                        ]
                      ],
                      "url_filtering": "string",
                      "virus": "string",
                      "vulnerability": "string",
                      "wildfire_analysis": "string"
                    }
                  ],
                  [
                    "object",
                    {
                      "name": "string",
                      "source_addresses": [
                        "tuple",
                        [
                          "string"
                        ]
                      ],
                      "source_zones": [
                        "tuple",
                        [
                          "string"
                        ]
                      ],
                      "tags": [
                        "tuple",
                        [
                          "string",
                          "string"
                        ]
                      ]
                    }
                  ]
                ]
              ]
            }
          ]
        ]
      ]
    },
    "rules": {
      "value": [
        {
          "device_group": "shared"
        },
        {
          "rule": {
            "applications": [
              "ssl",
              "hotmail"
            ],
            "categories": [
              "any"
            ],
            "destination_zones": [
              "dmz"
            ],
            "icmp_unreachable": true,
            "name": "sarahs1",
            "services": [
              "application-default"
            ],
            "source_users": [
              "any"
            ],
            "source_zones": [
              "untrust"
            ],
            "target": [
              {
                "serial": "5686706124",
                "vsys_list": [
                  "vsys1",
                  "vsys2",
                  "vsys3"
                ]
              },
              {
                "serial": "7065657545",
                "vsys_list": [
                  "vsys2",
                  "vsys4"
                ]
              }
            ]
          }
        },
        {
          "rulebase": "pre-rulebase"
        },
        {
          "device_group": "aws"
        },
        {
          "rule": {
            "applications": [
              "ssl",
              "hotmail"
            ],
            "categories": [
              "any"
            ],
            "destination_zones": [
              "dmz"
            ],
            "icmp_unreachable": true,
            "name": "sarahs2",
            "services": [
              "application-default"
            ],
            "source_users": [
              "any"
            ],
            "source_zones": [
              "untrust"
            ],
            "target": [
              {
                "serial": "5686706124",
                "vsys_list": [
                  "vsys1",
                  "vsys2",
                  "vsys3"
                ]
              },
              {
                "serial": "7065657545",
                "vsys_list": [
                  "vsys2",
                  "vsys4"
                ]
              }
            ]
          }
        },
        {
          "rulebase": "pre-rulebase"
        }
      ],
      "type": [
        "tuple",
        [
          [
            "object",
            {
              "device_group": "string"
            }
          ],
          [
            "object",
            {
              "rule": [
                "object",
                {
                  "applications": [
                    "tuple",
                    [
                      "string",
                      "string"
                    ]
                  ],
                  "categories": [
                    "tuple",
                    [
                      "string"
                    ]
                  ],
                  "destination_zones": [
                    "tuple",
                    [
                      "string"
                    ]
                  ],
                  "icmp_unreachable": "bool",
                  "name": "string",
                  "services": [
                    "tuple",
                    [
                      "string"
                    ]
                  ],
                  "source_users": [
                    "tuple",
                    [
                      "string"
                    ]
                  ],
                  "source_zones": [
                    "tuple",
                    [
                      "string"
                    ]
                  ],
                  "target": [
                    "tuple",
                    [
                      [
                        "object",
                        {
                          "serial": "string",
                          "vsys_list": [
                            "tuple",
                            [
                              "string",
                              "string",
                              "string"
                            ]
                          ]
                        }
                      ],
                      [
                        "object",
                        {
                          "serial": "string",
                          "vsys_list": [
                            "tuple",
                            [
                              "string",
                              "string"
                            ]
                          ]
                        }
                      ]
                    ]
                  ]
                }
              ]
            }
          ],
          [
            "object",
            {
              "rulebase": "string"
            }
          ],
          [
            "object",
            {
              "device_group": "string"
            }
          ],
          [
            "object",
            {
              "rule": [
                "object",
                {
                  "applications": [
                    "tuple",
                    [
                      "string",
                      "string"
                    ]
                  ],
                  "categories": [
                    "tuple",
                    [
                      "string"
                    ]
                  ],
                  "destination_zones": [
                    "tuple",
                    [
                      "string"
                    ]
                  ],
                  "icmp_unreachable": "bool",
                  "name": "string",
                  "services": [
                    "tuple",
                    [
                      "string"
                    ]
                  ],
                  "source_users": [
                    "tuple",
                    [
                      "string"
                    ]
                  ],
                  "source_zones": [
                    "tuple",
                    [
                      "string"
                    ]
                  ],
                  "target": [
                    "tuple",
                    [
                      [
                        "object",
                        {
                          "serial": "string",
                          "vsys_list": [
                            "tuple",
                            [
                              "string",
                              "string",
                              "string"
                            ]
                          ]
                        }
                      ],
                      [
                        "object",
                        {
                          "serial": "string",
                          "vsys_list": [
                            "tuple",
                            [
                              "string",
                              "string"
                            ]
                          ]
                        }
                      ]
                    ]
                  ]
                }
              ]
            }
          ],
          [
            "object",
            {
              "rulebase": "string"
            }
          ]
        ]
      ]
    }
  },
  "resources": [
    {
      "mode": "managed",
      "type": "panos_address_object",
      "name": "this",
      "provider": "provider[\"registry.terraform.io/paloaltonetworks/panos\"]",
      "instances": [
        {
          "index_key": "azure_int_lb_priv_ip",
          "schema_version": 1,
          "attributes": {
            "description": "",
            "device_group": "shared",
            "id": "shared:azure_int_lb_priv_ip",
            "name": "azure_int_lb_priv_ip",
            "tags": [
              "untrust",
              "internal"
            ],
            "type": "ip-netmask",
            "value": "10.100.4.40/32",
            "vsys": "vsys1"
          },
          "sensitive_attributes": [],
          "private": "eyJzY2hlbWFfdmVyc2lvbiI6IjEifQ=="
        },
        {
          "index_key": "azure_lb_hc_ip",
          "schema_version": 1,
          "attributes": {
            "description": "",
            "device_group": "AZURE",
            "id": "AZURE:azure_lb_hc_ip",
            "name": "azure_lb_hc_ip",
            "tags": [
              "external",
              "untrust"
            ],
            "type": "ip-netmask",
            "value": "168.63.129.16/32",
            "vsys": "vsys1"
          },
          "sensitive_attributes": [],
          "private": "eyJzY2hlbWFfdmVyc2lvbiI6IjEifQ=="
        },
        {
          "index_key": "cloudflare",
          "schema_version": 1,
          "attributes": {
            "description": "",
            "device_group": "shared",
            "id": "shared:cloudflare",
            "name": "cloudflare",
            "tags": [],
            "type": "ip-netmask",
            "value": "1.1.1.1/32",
            "vsys": "vsys1"
          },
          "sensitive_attributes": [],
          "private": "eyJzY2hlbWFfdmVyc2lvbiI6IjEifQ=="
        },
        {
          "index_key": "ntp1",
          "schema_version": 1,
          "attributes": {
            "description": "",
            "device_group": "shared",
            "id": "shared:ntp1",
            "name": "ntp1",
            "tags": [],
            "type": "ip-range",
            "value": "10.0.0.2-10.0.0.10",
            "vsys": "vsys1"
          },
          "sensitive_attributes": [],
          "private": "eyJzY2hlbWFfdmVyc2lvbiI6IjEifQ=="
        },
        {
          "index_key": "pa_updates",
          "schema_version": 1,
          "attributes": {
            "description": "palo alto updates",
            "device_group": "AWS",
            "id": "AWS:pa_updates",
            "name": "pa_updates",
            "tags": [],
            "type": "fqdn",
            "value": "updates.paloaltonetworks.com",
            "vsys": "vsys1"
          },
          "sensitive_attributes": [],
          "private": "eyJzY2hlbWFfdmVyc2lvbiI6IjEifQ=="
        }
      ]
    },
    {
      "mode": "managed",
      "type": "panos_panorama_address_group",
      "name": "this",
      "provider": "provider[\"registry.terraform.io/paloaltonetworks/panos\"]",
      "instances": [
        {
          "schema_version": 0,
          "attributes": {
            "description": "do it?",
            "device_group": "AWS",
            "dynamic_match": "'trust'and'dmz'",
            "id": "AWS:wah",
            "name": "wah",
            "static_addresses": [],
            "tags": null
          },
          "sensitive_attributes": [],
          "private": "bnVsbA=="
        }
      ]
    },
    {
      "mode": "managed",
      "type": "panos_panorama_administrative_tag",
      "name": "this",
      "provider": "provider[\"registry.terraform.io/paloaltonetworks/panos\"]",
      "instances": [
        {
          "index_key": "dmz",
          "schema_version": 0,
          "attributes": {
            "color": "",
            "comment": "",
            "device_group": "AZURE",
            "id": "AZURE:dmz",
            "name": "dmz"
          },
          "sensitive_attributes": [],
          "private": "bnVsbA=="
        },
        {
          "index_key": "external",
          "schema_version": 0,
          "attributes": {
            "color": "",
            "comment": "",
            "device_group": "shared",
            "id": "shared:external",
            "name": "external"
          },
          "sensitive_attributes": [],
          "private": "bnVsbA=="
        },
        {
          "index_key": "hello?",
          "schema_version": 0,
          "attributes": {
            "color": "color16",
            "comment": "",
            "device_group": "shared",
            "id": "shared:hello?",
            "name": "hello?"
          },
          "sensitive_attributes": [],
          "private": "bnVsbA=="
        },
        {
          "index_key": "internal",
          "schema_version": 0,
          "attributes": {
            "color": "color12",
            "comment": "",
            "device_group": "shared",
            "id": "shared:internal",
            "name": "internal"
          },
          "sensitive_attributes": [],
          "private": "bnVsbA=="
        },
        {
          "index_key": "trust",
          "schema_version": 0,
          "attributes": {
            "color": "",
            "comment": "for trusted resources",
            "device_group": "AWS",
            "id": "AWS:trust",
            "name": "trust"
          },
          "sensitive_attributes": [],
          "private": "bnVsbA=="
        },
        {
          "index_key": "untrust",
          "schema_version": 0,
          "attributes": {
            "color": "color4",
            "comment": "for untrusted resources",
            "device_group": "shared",
            "id": "shared:untrust",
            "name": "untrust"
          },
          "sensitive_attributes": [],
          "private": "bnVsbA=="
        }
      ]
    },
    {
      "mode": "managed",
      "type": "panos_panorama_service_object",
      "name": "this",
      "provider": "provider[\"registry.terraform.io/paloaltonetworks/panos\"]",
      "instances": [
        {
          "index_key": "my_service",
          "schema_version": 0,
          "attributes": {
            "description": "My service object",
            "destination_port": "32123",
            "device_group": "shared",
            "id": "shared:my_service",
            "name": "my_service",
            "override_half_closed_timeout": 0,
            "override_session_timeout": false,
            "override_time_wait_timeout": 0,
            "override_timeout": 0,
            "protocol": "tcp",
            "source_port": "2000-2049,2051-2099",
            "tags": [
              "internal",
              "dmz"
            ]
          },
          "sensitive_attributes": [],
          "private": "bnVsbA=="
        }
      ]
    }
  ]
}
